
Microsoft Visual Studio Solution File, Format Version 12.00
# Visual Studio Version 16
VisualStudioVersion = 16.0.34301.259
MinimumVisualStudioVersion = 10.0.40219.1
Project("{8BC9CEB8-8B4A-11D0-8D11-00A0C91BC942}") = "GridSearch", "GridSearch.vcxproj", "{AFA2436F-DC52-474A-9A60-BDEB8D459AC9}"
EndProject
Global
	GlobalSection(SolutionConfigurationPlatforms) = preSolution
		Debug|x64 = Debug|x64
		Debug|x86 = Debug|x86
		Release|x64 = Release|x64
		Release|x86 = Release|x86
	EndGlobalSection
	GlobalSection(ProjectConfigurationPlatforms) = postSolution
		{AFA2436F-DC52-474A-9A60-BDEB8D459AC9}.Debug|x64.ActiveCfg = Debug|x64
		{AFA2436F-DC52-474A-9A60-BDEB8D459AC9}.Debug|x64.Build.0 = Debug|x64
		{AFA2436F-DC52-474A-9A60-BDEB8D459AC9}.Debug|x86.ActiveCfg = Debug|Win32
		{AFA2436F-DC52-474A-9A60-BDEB8D459AC9}.Debug|x86.Build.0 = Debug|Win32
		{AFA2436F-DC52-474A-9A60-BDEB8D459AC9}.Release|x64.ActiveCfg = Release|x64
		{AFA2436F-DC52-474A-9A60-BDEB8D459AC9}.Release|x64.Build.0 = Release|x64
		{AFA2436F-DC52-474A-9A60-BDEB8D459AC9}.Release|x86.ActiveCfg = Release|Win32
		{AFA2436F-DC52-474A-9A60-BDEB8D459AC9}.Release|x86.Build.0 = Release|Win32
	EndGlobalSection
	GlobalSection(SolutionProperties) = preSolution
		HideSolutionNode = FALSE
	EndGlobalSection
	GlobalSection(ExtensibilityGlobals) = postSolution
		SolutionGuid = {6F746E53-A0C8-4D86-B6A5-28FA7BD859B1}
	EndGlobalSection
EndGlobal
